// !$*UTF8*$!
{
	archiveVersion = 1;
	classes = {
	};
	objectVersion = 50;
	objects = {

/* Begin PBXBuildFile section */
		09424D9A266EA45400C3F030 /* AppDelegate.swift in Sources */ = {isa = PBXBuildFile; fileRef = 09424D99266EA45400C3F030 /* AppDelegate.swift */; };
		09424D9C266EA45400C3F030 /* SceneDelegate.swift in Sources */ = {isa = PBXBuildFile; fileRef = 09424D9B266EA45400C3F030 /* SceneDelegate.swift */; };
		09424D9E266EA45400C3F030 /* ViewController.swift in Sources */ = {isa = PBXBuildFile; fileRef = 09424D9D266EA45400C3F030 /* ViewController.swift */; };
		09424DA1266EA45400C3F030 /* Main.storyboard in Resources */ = {isa = PBXBuildFile; fileRef = 09424D9F266EA45400C3F030 /* Main.storyboard */; };
		09424DA3266EA45600C3F030 /* Assets.xcassets in Resources */ = {isa = PBXBuildFile; fileRef = 09424DA2266EA45600C3F030 /* Assets.xcassets */; };
		09424DA6266EA45600C3F030 /* LaunchScreen.storyboard in Resources */ = {isa = PBXBuildFile; fileRef = 09424DA4266EA45600C3F030 /* LaunchScreen.storyboard */; };
		09424DB0266EA4A700C3F030 /* MyType.swift in Sources */ = {isa = PBXBuildFile; fileRef = 09424DAF266EA4A700C3F030 /* MyType.swift */; };
		09424DB2266EA51500C3F030 /* MyType+MyProtocol.swift in Sources */ = {isa = PBXBuildFile; fileRef = 09424DB1266EA51500C3F030 /* MyType+MyProtocol.swift */; };
/* End PBXBuildFile section */

/* Begin PBXFileReference section */
		09424D96266EA45400C3F030 /* iStyleGuideExamples.app */ = {isa = PBXFileReference; explicitFileType = wrapper.application; includeInIndex = 0; path = iStyleGuideExamples.app; sourceTree = BUILT_PRODUCTS_DIR; };
		09424D99266EA45400C3F030 /* AppDelegate.swift */ = {isa = PBXFileReference; lastKnownFileType = sourcecode.swift; path = AppDelegate.swift; sourceTree = "<group>"; };
		09424D9B266EA45400C3F030 /* SceneDelegate.swift */ = {isa = PBXFileReference; lastKnownFileType = sourcecode.swift; path = SceneDelegate.swift; sourceTree = "<group>"; };
		09424D9D266EA45400C3F030 /* ViewController.swift */ = {isa = PBXFileReference; lastKnownFileType = sourcecode.swift; path = ViewController.swift; sourceTree = "<group>"; };
		09424DA0266EA45400C3F030 /* Base */ = {isa = PBXFileReference; lastKnownFileType = file.storyboard; name = Base; path = Base.lproj/Main.storyboard; sourceTree = "<group>"; };
		09424DA2266EA45600C3F030 /* Assets.xcassets */ = {isa = PBXFileReference; lastKnownFileType = folder.assetcatalog; path = Assets.xcassets; sourceTree = "<group>"; };
		09424DA5266EA45600C3F030 /* Base */ = {isa = PBXFileReference; lastKnownFileType = file.storyboard; name = Base; path = Base.lproj/LaunchScreen.storyboard; sourceTree = "<group>"; };
		09424DA7266EA45600C3F030 /* Info.plist */ = {isa = PBXFileReference; lastKnownFileType = text.plist.xml; path = Info.plist; sourceTree = "<group>"; };
		09424DAF266EA4A700C3F030 /* MyType.swift */ = {isa = PBXFileReference; lastKnownFileType = sourcecode.swift; path = MyType.swift; sourceTree = "<group>"; };
		09424DB1266EA51500C3F030 /* MyType+MyProtocol.swift */ = {isa = PBXFileReference; lastKnownFileType = sourcecode.swift; path = "MyType+MyProtocol.swift"; sourceTree = "<group>"; };
/* End PBXFileReference section */

/* Begin PBXFrameworksBuildPhase section */
		09424D93266EA45400C3F030 /* Frameworks */ = {
			isa = PBXFrameworksBuildPhase;
			buildActionMask = 2147483647;
			files = (
			);
			runOnlyForDeploymentPostprocessing = 0;
		};
/* End PBXFrameworksBuildPhase section */

/* Begin PBXGroup section */
		09424D8D266EA45300C3F030 = {
			isa = PBXGroup;
			children = (
				09424D98266EA45400C3F030 /* iStyleGuideExamples */,
				09424D97266EA45400C3F030 /* Products */,
			);
			sourceTree = "<group>";
		};
		09424D97266EA45400C3F030 /* Products */ = {
			isa = PBXGroup;
			children = (
				09424D96266EA45400C3F030 /* iStyleGuideExamples.app */,
			);
			name = Products;
			sourceTree = "<group>";
		};
		09424D98266EA45400C3F030 /* iStyleGuideExamples */ = {
			isa = PBXGroup;
			children = (
				09424DAE266EA47700C3F030 /* Files */,
				09424DAD266EA45F00C3F030 /* Others */,
			);
			path = iStyleGuideExamples;
			sourceTree = "<group>";
		};
		09424DAD266EA45F00C3F030 /* Others */ = {
			isa = PBXGroup;
			children = (
				09424D9D266EA45400C3F030 /* ViewController.swift */,
				09424D9F266EA45400C3F030 /* Main.storyboard */,
				09424DA2266EA45600C3F030 /* Assets.xcassets */,
				09424DA4266EA45600C3F030 /* LaunchScreen.storyboard */,
				09424DA7266EA45600C3F030 /* Info.plist */,
				09424D99266EA45400C3F030 /* AppDelegate.swift */,
				09424D9B266EA45400C3F030 /* SceneDelegate.swift */,
			);
			name = Others;
			sourceTree = "<group>";
		};
		09424DAE266EA47700C3F030 /* Files */ = {
			isa = PBXGroup;
			children = (
				09424DAF266EA4A700C3F030 /* MyType.swift */,
				09424DB1266EA51500C3F030 /* MyType+MyProtocol.swift */,
			);
			name = Files;
			sourceTree = "<group>";
		};
/* End PBXGroup section */

/* Begin PBXNativeTarget section */
		09424D95266EA45400C3F030 /* iStyleGuideExamples */ = {
			isa = PBXNativeTarget;
			buildConfigurationList = 09424DAA266EA45600C3F030 /* Build configuration list for PBXNativeTarget "iStyleGuideExamples" */;
			buildPhases = (
				09424D92266EA45400C3F030 /* Sources */,
				09424D93266EA45400C3F030 /* Frameworks */,
				09424D94266EA45400C3F030 /* Resources */,
			);
			buildRules = (
			);
			dependencies = (
			);
			name = iStyleGuideExamples;
			productName = iStyleGuideExamples;
			productReference = 09424D96266EA45400C3F030 /* iStyleGuideExamples.app */;
			productType = "com.apple.product-type.application";
		};
/* End PBXNativeTarget section */

/* Begin PBXProject section */
		09424D8E266EA45300C3F030 /* Project object */ = {
			isa = PBXProject;
			attributes = {
				LastSwiftUpdateCheck = 1250;
				LastUpgradeCheck = 1250;
				TargetAttributes = {
					09424D95266EA45400C3F030 = {
						CreatedOnToolsVersion = 12.5;
					};
				};
			};
			buildConfigurationList = 09424D91266EA45300C3F030 /* Build configuration list for PBXProject "iStyleGuideExamples" */;
			compatibilityVersion = "Xcode 9.3";
			developmentRegion = en;
			hasScannedForEncodings = 0;
			knownRegions = (
				en,
				Base,
			);
			mainGroup = 09424D8D266EA45300C3F030;
			productRefGroup = 09424D97266EA45400C3F030 /* Products */;
			projectDirPath = "";
			projectRoot = "";
			targets = (
				09424D95266EA45400C3F030 /* iStyleGuideExamples */,
			);
		};
/* End PBXProject section */

/* Begin PBXResourcesBuildPhase section */
		09424D94266EA45400C3F030 /* Resources */ = {
			isa = PBXResourcesBuildPhase;
			buildActionMask = 2147483647;
			files = (
				09424DA6266EA45600C3F030 /* LaunchScreen.storyboard in Resources */,
				09424DA3266EA45600C3F030 /* Assets.xcassets in Resources */,
				09424DA1266EA45400C3F030 /* Main.storyboard in Resources */,
			);
			runOnlyForDeploymentPostprocessing = 0;
		};
/* End PBXResourcesBuildPhase section */

/* Begin PBXSourcesBuildPhase section */
		09424D92266EA45400C3F030 /* Sources */ = {
			isa = PBXSourcesBuildPhase;
			buildActionMask = 2147483647;
			files = (
				09424D9E266EA45400C3F030 /* ViewController.swift in Sources */,
				09424D9A266EA45400C3F030 /* AppDelegate.swift in Sources */,
				09424DB2266EA51500C3F030 /* MyType+MyProtocol.swift in Sources */,
				09424D9C266EA45400C3F030 /* SceneDelegate.swift in Sources */,
				09424DB0266EA4A700C3F030 /* MyType.swift in Sources */,
			);
			runOnlyForDeploymentPostprocessing = 0;
		};
/* End PBXSourcesBuildPhase section */

/* Begin PBXVariantGroup section */
		09424D9F266EA45400C3F030 /* Main.storyboard */ = {
			isa = PBXVariantGroup;
			children = (
				09424DA0266EA45400C3F030 /* Base */,
			);
			name = Main.storyboard;
			sourceTree = "<group>";
		};
		09424DA4266EA45600C3F030 /* LaunchScreen.storyboard */ = {
			isa = PBXVariantGroup;
			children = (
				09424DA5266EA45600C3F030 /* Base */,
			);
			name = LaunchScreen.storyboard;
			sourceTree = "<group>";
		};
/* End PBXVariantGroup section */

/* Begin XCBuildConfiguration section */
		09424DA8266EA45600C3F030 /* Debug */ = {
			isa = XCBuildConfiguration;
			buildSettings = {
				ALWAYS_SEARCH_USER_PATHS = NO;
				CLANG_ANALYZER_NONNULL = YES;
				CLANG_ANALYZER_NUMBER_OBJECT_CONVERSION = YES_AGGRESSIVE;
				CLANG_CXX_LANGUAGE_STANDARD = "gnu++14";
				CLANG_CXX_LIBRARY = "libc++";
				CLANG_ENABLE_MODULES = YES;
				CLANG_ENABLE_OBJC_ARC = YES;
				CLANG_ENABLE_OBJC_WEAK = YES;
				CLANG_WARN_BLOCK_CAPTURE_AUTORELEASING = YES;
				CLANG_WARN_BOOL_CONVERSION = YES;
				CLANG_WARN_COMMA = YES;
				CLANG_WARN_CONSTANT_CONVERSION = YES;
				CLANG_WARN_DEPRECATED_OBJC_IMPLEMENTATIONS = YES;
				CLANG_WARN_DIRECT_OBJC_ISA_USAGE = YES_ERROR;
				CLANG_WARN_DOCUMENTATION_COMMENTS = YES;
				CLANG_WARN_EMPTY_BODY = YES;
				CLANG_WARN_ENUM_CONVERSION = YES;
				CLANG_WARN_INFINITE_RECURSION = YES;
				CLANG_WARN_INT_CONVERSION = YES;
				CLANG_WARN_NON_LITERAL_NULL_CONVERSION = YES;
				CLANG_WARN_OBJC_IMPLICIT_RETAIN_SELF = YES;
				CLANG_WARN_OBJC_LITERAL_CONVERSION = YES;
				CLANG_WARN_OBJC_ROOT_CLASS = YES_ERROR;
				CLANG_WARN_QUOTED_INCLUDE_IN_FRAMEWORK_HEADER = YES;
				CLANG_WARN_RANGE_LOOP_ANALYSIS = YES;
				CLANG_WARN_STRICT_PROTOTYPES = YES;
				CLANG_WARN_SUSPICIOUS_MOVE = YES;
				CLANG_WARN_UNGUARDED_AVAILABILITY = YES_AGGRESSIVE;
				CLANG_WARN_UNREACHABLE_CODE = YES;
				CLANG_WARN__DUPLICATE_METHOD_MATCH = YES;
				COPY_PHASE_STRIP = NO;
				DEBUG_INFORMATION_FORMAT = dwarf;
				ENABLE_STRICT_OBJC_MSGSEND = YES;
				ENABLE_TESTABILITY = YES;
				GCC_C_LANGUAGE_STANDARD = gnu11;
				GCC_DYNAMIC_NO_PIC = NO;
				GCC_NO_COMMON_BLOCKS = YES;
				GCC_OPTIMIZATION_LEVEL = 0;
				GCC_PREPROCESSOR_DEFINITIONS = (
					"DEBUG=1",
					"$(inherited)",
				);
				GCC_WARN_64_TO_32_BIT_CONVERSION = YES;
				GCC_WARN_ABOUT_RETURN_TYPE = YES_ERROR;
				GCC_WARN_UNDECLARED_SELECTOR = YES;
				GCC_WARN_UNINITIALIZED_AUTOS = YES_AGGRESSIVE;
				GCC_WARN_UNUSED_FUNCTION = YES;
				GCC_WARN_UNUSED_VARIABLE = YES;
				IPHONEOS_DEPLOYMENT_TARGET = 14.5;
				MTL_ENABLE_DEBUG_INFO = INCLUDE_SOURCE;
				MTL_FAST_MATH = YES;
				ONLY_ACTIVE_ARCH = YES;
				SDKROOT = iphoneos;
				SWIFT_ACTIVE_COMPILATION_CONDITIONS = DEBUG;
				SWIFT_OPTIMIZATION_LEVEL = "-Onone";
			};
			name = Debug;
		};
		09424DA9266EA45600C3F030 /* Release */ = {
			isa = XCBuildConfiguration;
			buildSettings = {
				ALWAYS_SEARCH_USER_PATHS = NO;
				CLANG_ANALYZER_NONNULL = YES;
				CLANG_ANALYZER_NUMBER_OBJECT_CONVERSION = YES_AGGRESSIVE;
				CLANG_CXX_LANGUAGE_STANDARD = "gnu++14";
				CLANG_CXX_LIBRARY = "libc++";
				CLANG_ENABLE_MODULES = YES;
				CLANG_ENABLE_OBJC_ARC = YES;
				CLANG_ENABLE_OBJC_WEAK = YES;
				CLANG_WARN_BLOCK_CAPTURE_AUTORELEASING = YES;
				CLANG_WARN_BOOL_CONVERSION = YES;
				CLANG_WARN_COMMA = YES;
				CLANG_WARN_CONSTANT_CONVERSION = YES;
				CLANG_WARN_DEPRECATED_OBJC_IMPLEMENTATIONS = YES;
				CLANG_WARN_DIRECT_OBJC_ISA_USAGE = YES_ERROR;
				CLANG_WARN_DOCUMENTATION_COMMENTS = YES;
				CLANG_WARN_EMPTY_BODY = YES;
				CLANG_WARN_ENUM_CONVERSION = YES;
				CLANG_WARN_INFINITE_RECURSION = YES;
				CLANG_WARN_INT_CONVERSION = YES;
				CLANG_WARN_NON_LITERAL_NULL_CONVERSION = YES;
				CLANG_WARN_OBJC_IMPLICIT_RETAIN_SELF = YES;
				CLANG_WARN_OBJC_LITERAL_CONVERSION = YES;
				CLANG_WARN_OBJC_ROOT_CLASS = YES_ERROR;
				CLANG_WARN_QUOTED_INCLUDE_IN_FRAMEWORK_HEADER = YES;
				CLANG_WARN_RANGE_LOOP_ANALYSIS = YES;
				CLANG_WARN_STRICT_PROTOTYPES = YES;
				CLANG_WARN_SUSPICIOUS_MOVE = YES;
				CLANG_WARN_UNGUARDED_AVAILABILITY = YES_AGGRESSIVE;
				CLANG_WARN_UNREACHABLE_CODE = YES;
				CLANG_WARN__DUPLICATE_METHOD_MATCH = YES;
				COPY_PHASE_STRIP = NO;
				DEBUG_INFORMATION_FORMAT = "dwarf-with-dsym";
				ENABLE_NS_ASSERTIONS = NO;
				ENABLE_STRICT_OBJC_MSGSEND = YES;
				GCC_C_LANGUAGE_STANDARD = gnu11;
				GCC_NO_COMMON_BLOCKS = YES;
				GCC_WARN_64_TO_32_BIT_CONVERSION = YES;
				GCC_WARN_ABOUT_RETURN_TYPE = YES_ERROR;
				GCC_WARN_UNDECLARED_SELECTOR = YES;
				GCC_WARN_UNINITIALIZED_AUTOS = YES_AGGRESSIVE;
				GCC_WARN_UNUSED_FUNCTION = YES;
				GCC_WARN_UNUSED_VARIABLE = YES;
				IPHONEOS_DEPLOYMENT_TARGET = 14.5;
				MTL_ENABLE_DEBUG_INFO = NO;
				MTL_FAST_MATH = YES;
				SDKROOT = iphoneos;
				SWIFT_COMPILATION_MODE = wholemodule;
				SWIFT_OPTIMIZATION_LEVEL = "-O";
				VALIDATE_PRODUCT = YES;
			};
			name = Release;
		};
		09424DAB266EA45600C3F030 /* Debug */ = {
			isa = XCBuildConfiguration;
			buildSettings = {
				ASSETCATALOG_COMPILER_APPICON_NAME = AppIcon;
				ASSETCATALOG_COMPILER_GLOBAL_ACCENT_COLOR_NAME = AccentColor;
				CODE_SIGN_STYLE = Automatic;
				DEVELOPMENT_TEAM = 8NRT6H3C5H;
				INFOPLIST_FILE = iStyleGuideExamples/Info.plist;
				IPHONEOS_DEPLOYMENT_TARGET = 13.0;
				LD_RUNPATH_SEARCH_PATHS = (
					"$(inherited)",
					"@executable_path/Frameworks",
				);
				PRODUCT_BUNDLE_IDENTIFIER = "billbill-ios-dev.iStyleGuideExamples";
				PRODUCT_NAME = "$(TARGET_NAME)";
				SWIFT_VERSION = 5.0;
				TARGETED_DEVICE_FAMILY = "1,2";
			};
			name = Debug;
		};
		09424DAC266EA45600C3F030 /* Release */ = {
			isa = XCBuildConfiguration;
			buildSettings = {
				ASSETCATALOG_COMPILER_APPICON_NAME = AppIcon;
				ASSETCATALOG_COMPILER_GLOBAL_ACCENT_COLOR_NAME = AccentColor;
				CODE_SIGN_STYLE = Automatic;
				DEVELOPMENT_TEAM = 8NRT6H3C5H;
				INFOPLIST_FILE = iStyleGuideExamples/Info.plist;
				IPHONEOS_DEPLOYMENT_TARGET = 13.0;
				LD_RUNPATH_SEARCH_PATHS = (
					"$(inherited)",
					"@executable_path/Frameworks",
				);
				PRODUCT_BUNDLE_IDENTIFIER = "billbill-ios-dev.iStyleGuideExamples";
				PRODUCT_NAME = "$(TARGET_NAME)";
				SWIFT_VERSION = 5.0;
				TARGETED_DEVICE_FAMILY = "1,2";
			};
			name = Release;
		};
/* End XCBuildConfiguration section */

/* Begin XCConfigurationList section */
		09424D91266EA45300C3F030 /* Build configuration list for PBXProject "iStyleGuideExamples" */ = {
			isa = XCConfigurationList;
			buildConfigurations = (
				09424DA8266EA45600C3F030 /* Debug */,
				09424DA9266EA45600C3F030 /* Release */,
			);
			defaultConfigurationIsVisible = 0;
			defaultConfigurationName = Release;
		};
		09424DAA266EA45600C3F030 /* Build configuration list for PBXNativeTarget "iStyleGuideExamples" */ = {
			isa = XCConfigurationList;
			buildConfigurations = (
				09424DAB266EA45600C3F030 /* Debug */,
				09424DAC266EA45600C3F030 /* Release */,
			);
			defaultConfigurationIsVisible = 0;
			defaultConfigurationName = Release;
		};
/* End XCConfigurationList section */
	};
	rootObject = 09424D8E266EA45300C3F030 /* Project object */;
}
